// !$*UTF8*$!
{
	archiveVersion = 1;
	classes = {
	};
	objectVersion = 77;
	objects = {

/* Begin PBXBuildFile section */
		7B814C952E32FACE00D74774 /* Auth in Frameworks */ = {isa = PBXBuildFile; productRef = 7B814C942E32FACE00D74774 /* Auth */; };
		7B814C972E32FACE00D74774 /* Functions in Frameworks */ = {isa = PBXBuildFile; productRef = 7B814C962E32FACE00D74774 /* Functions */; };
		7B814C992E32FACE00D74774 /* PostgREST in Frameworks */ = {isa = PBXBuildFile; productRef = 7B814C982E32FACE00D74774 /* PostgREST */; };
		7B814C9B2E32FACE00D74774 /* Realtime in Frameworks */ = {isa = PBXBuildFile; productRef = 7B814C9A2E32FACE00D74774 /* Realtime */; };
		7B814C9D2E32FACE00D74774 /* Storage in Frameworks */ = {isa = PBXBuildFile; productRef = 7B814C9C2E32FACE00D74774 /* Storage */; };
		7B814C9F2E32FACE00D74774 /* Supabase in Frameworks */ = {isa = PBXBuildFile; productRef = 7B814C9E2E32FACE00D74774 /* Supabase */; };
		7B814CAF2E3C4D0900D74774 /* GoogleSignIn in Frameworks */ = {isa = PBXBuildFile; productRef = 7B814CAE2E3C4D0900D74774 /* GoogleSignIn */; };
		7B814CB12E3C4D0900D74774 /* GoogleSignInSwift in Frameworks */ = {isa = PBXBuildFile; productRef = 7B814CB02E3C4D0900D74774 /* GoogleSignInSwift */; };
		7B814CB72E459EE300D74774 /* MessageKit in Frameworks */ = {isa = PBXBuildFile; productRef = 7B814CB62E459EE300D74774 /* MessageKit */; };
/* End PBXBuildFile section */

/* Begin PBXContainerItemProxy section */
		7B1D5C372E2DF2F300795E8E /* PBXContainerItemProxy */ = {
			isa = PBXContainerItemProxy;
			containerPortal = 7B1D5C212E2DF2F100795E8E /* Project object */;
			proxyType = 1;
			remoteGlobalIDString = 7B1D5C282E2DF2F100795E8E;
			remoteInfo = "iOS Client";
		};
		7B1D5C412E2DF2F300795E8E /* PBXContainerItemProxy */ = {
			isa = PBXContainerItemProxy;
			containerPortal = 7B1D5C212E2DF2F100795E8E /* Project object */;
			proxyType = 1;
			remoteGlobalIDString = 7B1D5C282E2DF2F100795E8E;
			remoteInfo = "iOS Client";
		};
/* End PBXContainerItemProxy section */

/* Begin PBXFileReference section */
		7B1D5C292E2DF2F100795E8E /* MeMachine.app */ = {isa = PBXFileReference; explicitFileType = wrapper.application; includeInIndex = 0; path = MeMachine.app; sourceTree = BUILT_PRODUCTS_DIR; };
		7B1D5C362E2DF2F300795E8E /* MeMachineTests.xctest */ = {isa = PBXFileReference; explicitFileType = wrapper.cfbundle; includeInIndex = 0; path = MeMachineTests.xctest; sourceTree = BUILT_PRODUCTS_DIR; };
		7B1D5C402E2DF2F300795E8E /* MeMachineUITests.xctest */ = {isa = PBXFileReference; explicitFileType = wrapper.cfbundle; includeInIndex = 0; path = MeMachineUITests.xctest; sourceTree = BUILT_PRODUCTS_DIR; };
		7B814CB22E3C56F700D74774 /* MeMachine-Info.plist */ = {isa = PBXFileReference; lastKnownFileType = text.plist; path = "MeMachine-Info.plist"; sourceTree = "<group>"; };
/* End PBXFileReference section */

/* Begin PBXFileSystemSynchronizedRootGroup section */
		7B1D5C2B2E2DF2F100795E8E /* iOS Client */ = {
			isa = PBXFileSystemSynchronizedRootGroup;
			path = "iOS Client";
			sourceTree = "<group>";
		};
		7B1D5C392E2DF2F300795E8E /* iOS ClientTests */ = {
			isa = PBXFileSystemSynchronizedRootGroup;
			path = "iOS ClientTests";
			sourceTree = "<group>";
		};
		7B1D5C432E2DF2F300795E8E /* iOS ClientUITests */ = {
			isa = PBXFileSystemSynchronizedRootGroup;
			path = "iOS ClientUITests";
			sourceTree = "<group>";
		};
/* End PBXFileSystemSynchronizedRootGroup section */

/* Begin PBXFrameworksBuildPhase section */
		7B1D5C262E2DF2F100795E8E /* Frameworks */ = {
			isa = PBXFrameworksBuildPhase;
			buildActionMask = 2147483647;
			files = (
				7B814C992E32FACE00D74774 /* PostgREST in Frameworks */,
				7B814C972E32FACE00D74774 /* Functions in Frameworks */,
				7B814C9F2E32FACE00D74774 /* Supabase in Frameworks */,
				7B814CB72E459EE300D74774 /* MessageKit in Frameworks */,
				7B814CB12E3C4D0900D74774 /* GoogleSignInSwift in Frameworks */,
				7B814C952E32FACE00D74774 /* Auth in Frameworks */,
				7B814C9D2E32FACE00D74774 /* Storage in Frameworks */,
				7B814C9B2E32FACE00D74774 /* Realtime in Frameworks */,
				7B814CAF2E3C4D0900D74774 /* GoogleSignIn in Frameworks */,
			);
			runOnlyForDeploymentPostprocessing = 0;
		};
		7B1D5C332E2DF2F300795E8E /* Frameworks */ = {
			isa = PBXFrameworksBuildPhase;
			buildActionMask = 2147483647;
			files = (
			);
			runOnlyForDeploymentPostprocessing = 0;
		};
		7B1D5C3D2E2DF2F300795E8E /* Frameworks */ = {
			isa = PBXFrameworksBuildPhase;
			buildActionMask = 2147483647;
			files = (
			);
			runOnlyForDeploymentPostprocessing = 0;
		};
/* End PBXFrameworksBuildPhase section */

/* Begin PBXGroup section */
		7B1D5C202E2DF2F100795E8E = {
			isa = PBXGroup;
			children = (
				7B814CB22E3C56F700D74774 /* MeMachine-Info.plist */,
				7B1D5C2B2E2DF2F100795E8E /* iOS Client */,
				7B1D5C392E2DF2F300795E8E /* iOS ClientTests */,
				7B1D5C432E2DF2F300795E8E /* iOS ClientUITests */,
				7B1D5C2A2E2DF2F100795E8E /* Products */,
			);
			sourceTree = "<group>";
		};
		7B1D5C2A2E2DF2F100795E8E /* Products */ = {
			isa = PBXGroup;
			children = (
				7B1D5C292E2DF2F100795E8E /* MeMachine.app */,
				7B1D5C362E2DF2F300795E8E /* MeMachineTests.xctest */,
				7B1D5C402E2DF2F300795E8E /* MeMachineUITests.xctest */,
			);
			name = Products;
			sourceTree = "<group>";
		};
/* End PBXGroup section */

/* Begin PBXNativeTarget section */
		7B1D5C282E2DF2F100795E8E /* MeMachine */ = {
			isa = PBXNativeTarget;
			buildConfigurationList = 7B1D5C4A2E2DF2F300795E8E /* Build configuration list for PBXNativeTarget "MeMachine" */;
			buildPhases = (
				7B1D5C252E2DF2F100795E8E /* Sources */,
				7B1D5C262E2DF2F100795E8E /* Frameworks */,
				7B1D5C272E2DF2F100795E8E /* Resources */,
			);
			buildRules = (
			);
			dependencies = (
			);
			fileSystemSynchronizedGroups = (
				7B1D5C2B2E2DF2F100795E8E /* iOS Client */,
			);
			name = MeMachine;
			packageProductDependencies = (
				7B814C942E32FACE00D74774 /* Auth */,
				7B814C962E32FACE00D74774 /* Functions */,
				7B814C982E32FACE00D74774 /* PostgREST */,
				7B814C9A2E32FACE00D74774 /* Realtime */,
				7B814C9C2E32FACE00D74774 /* Storage */,
				7B814C9E2E32FACE00D74774 /* Supabase */,
				7B814CAE2E3C4D0900D74774 /* GoogleSignIn */,
				7B814CB02E3C4D0900D74774 /* GoogleSignInSwift */,
				7B814CB62E459EE300D74774 /* MessageKit */,
			);
			productName = "iOS Client";
			productReference = 7B1D5C292E2DF2F100795E8E /* MeMachine.app */;
			productType = "com.apple.product-type.application";
		};
		7B1D5C352E2DF2F300795E8E /* MeMachineTests */ = {
			isa = PBXNativeTarget;
			buildConfigurationList = 7B1D5C4D2E2DF2F300795E8E /* Build configuration list for PBXNativeTarget "MeMachineTests" */;
			buildPhases = (
				7B1D5C322E2DF2F300795E8E /* Sources */,
				7B1D5C332E2DF2F300795E8E /* Frameworks */,
				7B1D5C342E2DF2F300795E8E /* Resources */,
			);
			buildRules = (
			);
			dependencies = (
				7B1D5C382E2DF2F300795E8E /* PBXTargetDependency */,
			);
			fileSystemSynchronizedGroups = (
				7B1D5C392E2DF2F300795E8E /* iOS ClientTests */,
			);
			name = MeMachineTests;
			packageProductDependencies = (
			);
			productName = "iOS ClientTests";
			productReference = 7B1D5C362E2DF2F300795E8E /* MeMachineTests.xctest */;
			productType = "com.apple.product-type.bundle.unit-test";
		};
		7B1D5C3F2E2DF2F300795E8E /* MeMachineUITests */ = {
			isa = PBXNativeTarget;
			buildConfigurationList = 7B1D5C502E2DF2F300795E8E /* Build configuration list for PBXNativeTarget "MeMachineUITests" */;
			buildPhases = (
				7B1D5C3C2E2DF2F300795E8E /* Sources */,
				7B1D5C3D2E2DF2F300795E8E /* Frameworks */,
				7B1D5C3E2E2DF2F300795E8E /* Resources */,
			);
			buildRules = (
			);
			dependencies = (
				7B1D5C422E2DF2F300795E8E /* PBXTargetDependency */,
			);
			fileSystemSynchronizedGroups = (
				7B1D5C432E2DF2F300795E8E /* iOS ClientUITests */,
			);
			name = MeMachineUITests;
			packageProductDependencies = (
			);
			productName = "iOS ClientUITests";
			productReference = 7B1D5C402E2DF2F300795E8E /* MeMachineUITests.xctest */;
			productType = "com.apple.product-type.bundle.ui-testing";
		};
/* End PBXNativeTarget section */

/* Begin PBXProject section */
		7B1D5C212E2DF2F100795E8E /* Project object */ = {
			isa = PBXProject;
			attributes = {
				BuildIndependentTargetsInParallel = 1;
				LastSwiftUpdateCheck = 1640;
				LastUpgradeCheck = 1640;
				TargetAttributes = {
					7B1D5C282E2DF2F100795E8E = {
						CreatedOnToolsVersion = 16.4;
					};
					7B1D5C352E2DF2F300795E8E = {
						CreatedOnToolsVersion = 16.4;
						TestTargetID = 7B1D5C282E2DF2F100795E8E;
					};
					7B1D5C3F2E2DF2F300795E8E = {
						CreatedOnToolsVersion = 16.4;
						TestTargetID = 7B1D5C282E2DF2F100795E8E;
					};
				};
			};
			buildConfigurationList = 7B1D5C242E2DF2F100795E8E /* Build configuration list for PBXProject "MeMachine" */;
			developmentRegion = en;
			hasScannedForEncodings = 0;
			knownRegions = (
				en,
				Base,
			);
			mainGroup = 7B1D5C202E2DF2F100795E8E;
			minimizedProjectReferenceProxies = 1;
			packageReferences = (
				7B814C932E32FACE00D74774 /* XCRemoteSwiftPackageReference "supabase-swift" */,
				7B814CAD2E3C4D0900D74774 /* XCRemoteSwiftPackageReference "GoogleSignIn-iOS" */,
				7B814CB52E459EE300D74774 /* XCRemoteSwiftPackageReference "MessageKit" */,
			);
			preferredProjectObjectVersion = 77;
			productRefGroup = 7B1D5C2A2E2DF2F100795E8E /* Products */;
			projectDirPath = "";
			projectRoot = "";
			targets = (
				7B1D5C282E2DF2F100795E8E /* MeMachine */,
				7B1D5C352E2DF2F300795E8E /* MeMachineTests */,
				7B1D5C3F2E2DF2F300795E8E /* MeMachineUITests */,
			);
		};
/* End PBXProject section */

/* Begin PBXResourcesBuildPhase section */
		7B1D5C272E2DF2F100795E8E /* Resources */ = {
			isa = PBXResourcesBuildPhase;
			buildActionMask = 2147483647;
			files = (
			);
			runOnlyForDeploymentPostprocessing = 0;
		};
		7B1D5C342E2DF2F300795E8E /* Resources */ = {
			isa = PBXResourcesBuildPhase;
			buildActionMask = 2147483647;
			files = (
			);
			runOnlyForDeploymentPostprocessing = 0;
		};
		7B1D5C3E2E2DF2F300795E8E /* Resources */ = {
			isa = PBXResourcesBuildPhase;
			buildActionMask = 2147483647;
			files = (
			);
			runOnlyForDeploymentPostprocessing = 0;
		};
/* End PBXResourcesBuildPhase section */

/* Begin PBXSourcesBuildPhase section */
		7B1D5C252E2DF2F100795E8E /* Sources */ = {
			isa = PBXSourcesBuildPhase;
			buildActionMask = 2147483647;
			files = (
			);
			runOnlyForDeploymentPostprocessing = 0;
		};
		7B1D5C322E2DF2F300795E8E /* Sources */ = {
			isa = PBXSourcesBuildPhase;
			buildActionMask = 2147483647;
			files = (
			);
			runOnlyForDeploymentPostprocessing = 0;
		};
		7B1D5C3C2E2DF2F300795E8E /* Sources */ = {
			isa = PBXSourcesBuildPhase;
			buildActionMask = 2147483647;
			files = (
			);
			runOnlyForDeploymentPostprocessing = 0;
		};
/* End PBXSourcesBuildPhase section */

/* Begin PBXTargetDependency section */
		7B1D5C382E2DF2F300795E8E /* PBXTargetDependency */ = {
			isa = PBXTargetDependency;
			target = 7B1D5C282E2DF2F100795E8E /* MeMachine */;
			targetProxy = 7B1D5C372E2DF2F300795E8E /* PBXContainerItemProxy */;
		};
		7B1D5C422E2DF2F300795E8E /* PBXTargetDependency */ = {
			isa = PBXTargetDependency;
			target = 7B1D5C282E2DF2F100795E8E /* MeMachine */;
			targetProxy = 7B1D5C412E2DF2F300795E8E /* PBXContainerItemProxy */;
		};
/* End PBXTargetDependency section */

/* Begin XCBuildConfiguration section */
		7B1D5C482E2DF2F300795E8E /* Debug */ = {
			isa = XCBuildConfiguration;
			buildSettings = {
				ALWAYS_SEARCH_USER_PATHS = NO;
				ASSETCATALOG_COMPILER_GENERATE_SWIFT_ASSET_SYMBOL_EXTENSIONS = YES;
				CLANG_ANALYZER_NONNULL = YES;
				CLANG_ANALYZER_NUMBER_OBJECT_CONVERSION = YES_AGGRESSIVE;
				CLANG_CXX_LANGUAGE_STANDARD = "gnu++20";
				CLANG_ENABLE_MODULES = YES;
				CLANG_ENABLE_OBJC_ARC = YES;
				CLANG_ENABLE_OBJC_WEAK = YES;
				CLANG_WARN_BLOCK_CAPTURE_AUTORELEASING = YES;
				CLANG_WARN_BOOL_CONVERSION = YES;
				CLANG_WARN_COMMA = YES;
				CLANG_WARN_CONSTANT_CONVERSION = YES;
				CLANG_WARN_DEPRECATED_OBJC_IMPLEMENTATIONS = YES;
				CLANG_WARN_DIRECT_OBJC_ISA_USAGE = YES_ERROR;
				CLANG_WARN_DOCUMENTATION_COMMENTS = YES;
				CLANG_WARN_EMPTY_BODY = YES;
				CLANG_WARN_ENUM_CONVERSION = YES;
				CLANG_WARN_INFINITE_RECURSION = YES;
				CLANG_WARN_INT_CONVERSION = YES;
				CLANG_WARN_NON_LITERAL_NULL_CONVERSION = YES;
				CLANG_WARN_OBJC_IMPLICIT_RETAIN_SELF = YES;
				CLANG_WARN_OBJC_LITERAL_CONVERSION = YES;
				CLANG_WARN_OBJC_ROOT_CLASS = YES_ERROR;
				CLANG_WARN_QUOTED_INCLUDE_IN_FRAMEWORK_HEADER = YES;
				CLANG_WARN_RANGE_LOOP_ANALYSIS = YES;
				CLANG_WARN_STRICT_PROTOTYPES = YES;
				CLANG_WARN_SUSPICIOUS_MOVE = YES;
				CLANG_WARN_UNGUARDED_AVAILABILITY = YES_AGGRESSIVE;
				CLANG_WARN_UNREACHABLE_CODE = YES;
				CLANG_WARN__DUPLICATE_METHOD_MATCH = YES;
				COPY_PHASE_STRIP = NO;
				DEBUG_INFORMATION_FORMAT = dwarf;
				ENABLE_STRICT_OBJC_MSGSEND = YES;
				ENABLE_TESTABILITY = YES;
				ENABLE_USER_SCRIPT_SANDBOXING = YES;
				GCC_C_LANGUAGE_STANDARD = gnu17;
				GCC_DYNAMIC_NO_PIC = NO;
				GCC_NO_COMMON_BLOCKS = YES;
				GCC_OPTIMIZATION_LEVEL = 0;
				GCC_PREPROCESSOR_DEFINITIONS = (
					"DEBUG=1",
					"$(inherited)",
				);
				GCC_WARN_64_TO_32_BIT_CONVERSION = YES;
				GCC_WARN_ABOUT_RETURN_TYPE = YES_ERROR;
				GCC_WARN_UNDECLARED_SELECTOR = YES;
				GCC_WARN_UNINITIALIZED_AUTOS = YES_AGGRESSIVE;
				GCC_WARN_UNUSED_FUNCTION = YES;
				GCC_WARN_UNUSED_VARIABLE = YES;
				IPHONEOS_DEPLOYMENT_TARGET = 18.5;
				LOCALIZATION_PREFERS_STRING_CATALOGS = YES;
				MTL_ENABLE_DEBUG_INFO = INCLUDE_SOURCE;
				MTL_FAST_MATH = YES;
				ONLY_ACTIVE_ARCH = YES;
				SDKROOT = iphoneos;
				SWIFT_ACTIVE_COMPILATION_CONDITIONS = "DEBUG $(inherited)";
				SWIFT_OPTIMIZATION_LEVEL = "-Onone";
			};
			name = Debug;
		};
		7B1D5C492E2DF2F300795E8E /* Release */ = {
			isa = XCBuildConfiguration;
			buildSettings = {
				ALWAYS_SEARCH_USER_PATHS = NO;
				ASSETCATALOG_COMPILER_GENERATE_SWIFT_ASSET_SYMBOL_EXTENSIONS = YES;
				CLANG_ANALYZER_NONNULL = YES;
				CLANG_ANALYZER_NUMBER_OBJECT_CONVERSION = YES_AGGRESSIVE;
				CLANG_CXX_LANGUAGE_STANDARD = "gnu++20";
				CLANG_ENABLE_MODULES = YES;
				CLANG_ENABLE_OBJC_ARC = YES;
				CLANG_ENABLE_OBJC_WEAK = YES;
				CLANG_WARN_BLOCK_CAPTURE_AUTORELEASING = YES;
				CLANG_WARN_BOOL_CONVERSION = YES;
				CLANG_WARN_COMMA = YES;
				CLANG_WARN_CONSTANT_CONVERSION = YES;
				CLANG_WARN_DEPRECATED_OBJC_IMPLEMENTATIONS = YES;
				CLANG_WARN_DIRECT_OBJC_ISA_USAGE = YES_ERROR;
				CLANG_WARN_DOCUMENTATION_COMMENTS = YES;
				CLANG_WARN_EMPTY_BODY = YES;
				CLANG_WARN_ENUM_CONVERSION = YES;
				CLANG_WARN_INFINITE_RECURSION = YES;
				CLANG_WARN_INT_CONVERSION = YES;
				CLANG_WARN_NON_LITERAL_NULL_CONVERSION = YES;
				CLANG_WARN_OBJC_IMPLICIT_RETAIN_SELF = YES;
				CLANG_WARN_OBJC_LITERAL_CONVERSION = YES;
				CLANG_WARN_OBJC_ROOT_CLASS = YES_ERROR;
				CLANG_WARN_QUOTED_INCLUDE_IN_FRAMEWORK_HEADER = YES;
				CLANG_WARN_RANGE_LOOP_ANALYSIS = YES;
				CLANG_WARN_STRICT_PROTOTYPES = YES;
				CLANG_WARN_SUSPICIOUS_MOVE = YES;
				CLANG_WARN_UNGUARDED_AVAILABILITY = YES_AGGRESSIVE;
				CLANG_WARN_UNREACHABLE_CODE = YES;
				CLANG_WARN__DUPLICATE_METHOD_MATCH = YES;
				COPY_PHASE_STRIP = NO;
				DEBUG_INFORMATION_FORMAT = "dwarf-with-dsym";
				ENABLE_NS_ASSERTIONS = NO;
				ENABLE_STRICT_OBJC_MSGSEND = YES;
				ENABLE_USER_SCRIPT_SANDBOXING = YES;
				GCC_C_LANGUAGE_STANDARD = gnu17;
				GCC_NO_COMMON_BLOCKS = YES;
				GCC_WARN_64_TO_32_BIT_CONVERSION = YES;
				GCC_WARN_ABOUT_RETURN_TYPE = YES_ERROR;
				GCC_WARN_UNDECLARED_SELECTOR = YES;
				GCC_WARN_UNINITIALIZED_AUTOS = YES_AGGRESSIVE;
				GCC_WARN_UNUSED_FUNCTION = YES;
				GCC_WARN_UNUSED_VARIABLE = YES;
				IPHONEOS_DEPLOYMENT_TARGET = 18.5;
				LOCALIZATION_PREFERS_STRING_CATALOGS = YES;
				MTL_ENABLE_DEBUG_INFO = NO;
				MTL_FAST_MATH = YES;
				SDKROOT = iphoneos;
				SWIFT_COMPILATION_MODE = wholemodule;
				VALIDATE_PRODUCT = YES;
			};
			name = Release;
		};
		7B1D5C4B2E2DF2F300795E8E /* Debug */ = {
			isa = XCBuildConfiguration;
			buildSettings = {
				ASSETCATALOG_COMPILER_APPICON_NAME = AppIcon;
				ASSETCATALOG_COMPILER_GLOBAL_ACCENT_COLOR_NAME = AccentColor;
				CODE_SIGN_STYLE = Automatic;
				CURRENT_PROJECT_VERSION = 1;
				ENABLE_PREVIEWS = YES;
				GENERATE_INFOPLIST_FILE = YES;
				INFOPLIST_FILE = "MeMachine-Info.plist";
				INFOPLIST_KEY_UIApplicationSceneManifest_Generation = YES;
				INFOPLIST_KEY_UIApplicationSupportsIndirectInputEvents = YES;
				INFOPLIST_KEY_UILaunchScreen_Generation = YES;
				INFOPLIST_KEY_UISupportedInterfaceOrientations_iPad = "UIInterfaceOrientationPortrait UIInterfaceOrientationPortraitUpsideDown UIInterfaceOrientationLandscapeLeft UIInterfaceOrientationLandscapeRight";
				INFOPLIST_KEY_UISupportedInterfaceOrientations_iPhone = "UIInterfaceOrientationPortrait UIInterfaceOrientationLandscapeLeft UIInterfaceOrientationLandscapeRight";
				LD_RUNPATH_SEARCH_PATHS = (
					"$(inherited)",
					"@executable_path/Frameworks",
				);
				MARKETING_VERSION = 1.0;
				PRODUCT_BUNDLE_IDENTIFIER = "Me.iOS-Client";
				PRODUCT_NAME = "$(TARGET_NAME)";
				SWIFT_EMIT_LOC_STRINGS = YES;
				SWIFT_VERSION = 6.0;
				TARGETED_DEVICE_FAMILY = "1,2";
			};
			name = Debug;
		};
		7B1D5C4C2E2DF2F300795E8E /* Release */ = {
			isa = XCBuildConfiguration;
			buildSettings = {
				ASSETCATALOG_COMPILER_APPICON_NAME = AppIcon;
				ASSETCATALOG_COMPILER_GLOBAL_ACCENT_COLOR_NAME = AccentColor;
				CODE_SIGN_STYLE = Automatic;
				CURRENT_PROJECT_VERSION = 1;
				ENABLE_PREVIEWS = YES;
				GENERATE_INFOPLIST_FILE = YES;
				INFOPLIST_FILE = "MeMachine-Info.plist";
				INFOPLIST_KEY_UIApplicationSceneManifest_Generation = YES;
				INFOPLIST_KEY_UIApplicationSupportsIndirectInputEvents = YES;
				INFOPLIST_KEY_UILaunchScreen_Generation = YES;
				INFOPLIST_KEY_UISupportedInterfaceOrientations_iPad = "UIInterfaceOrientationPortrait UIInterfaceOrientationPortraitUpsideDown UIInterfaceOrientationLandscapeLeft UIInterfaceOrientationLandscapeRight";
				INFOPLIST_KEY_UISupportedInterfaceOrientations_iPhone = "UIInterfaceOrientationPortrait UIInterfaceOrientationLandscapeLeft UIInterfaceOrientationLandscapeRight";
				LD_RUNPATH_SEARCH_PATHS = (
					"$(inherited)",
					"@executable_path/Frameworks",
				);
				MARKETING_VERSION = 1.0;
				PRODUCT_BUNDLE_IDENTIFIER = "Me.iOS-Client";
				PRODUCT_NAME = "$(TARGET_NAME)";
				SWIFT_EMIT_LOC_STRINGS = YES;
				SWIFT_VERSION = 6.0;
				TARGETED_DEVICE_FAMILY = "1,2";
			};
			name = Release;
		};
		7B1D5C4E2E2DF2F300795E8E /* Debug */ = {
			isa = XCBuildConfiguration;
			buildSettings = {
				BUNDLE_LOADER = "$(TEST_HOST)";
				CODE_SIGN_STYLE = Automatic;
				CURRENT_PROJECT_VERSION = 1;
				GENERATE_INFOPLIST_FILE = YES;
				IPHONEOS_DEPLOYMENT_TARGET = 18.5;
				MARKETING_VERSION = 1.0;
				PRODUCT_BUNDLE_IDENTIFIER = "Me.iOS-ClientTests";
				PRODUCT_NAME = "$(TARGET_NAME)";
				SWIFT_EMIT_LOC_STRINGS = NO;
				SWIFT_VERSION = 5.0;
				TARGETED_DEVICE_FAMILY = "1,2";
				TEST_HOST = "$(BUILT_PRODUCTS_DIR)/MeMachine.app/$(BUNDLE_EXECUTABLE_FOLDER_PATH)/MeMachine";
			};
			name = Debug;
		};
		7B1D5C4F2E2DF2F300795E8E /* Release */ = {
			isa = XCBuildConfiguration;
			buildSettings = {
				BUNDLE_LOADER = "$(TEST_HOST)";
				CODE_SIGN_STYLE = Automatic;
				CURRENT_PROJECT_VERSION = 1;
				GENERATE_INFOPLIST_FILE = YES;
				IPHONEOS_DEPLOYMENT_TARGET = 18.5;
				MARKETING_VERSION = 1.0;
				PRODUCT_BUNDLE_IDENTIFIER = "Me.iOS-ClientTests";
				PRODUCT_NAME = "$(TARGET_NAME)";
				SWIFT_EMIT_LOC_STRINGS = NO;
				SWIFT_VERSION = 5.0;
				TARGETED_DEVICE_FAMILY = "1,2";
				TEST_HOST = "$(BUILT_PRODUCTS_DIR)/MeMachine.app/$(BUNDLE_EXECUTABLE_FOLDER_PATH)/MeMachine";
			};
			name = Release;
		};
		7B1D5C512E2DF2F300795E8E /* Debug */ = {
			isa = XCBuildConfiguration;
			buildSettings = {
				CODE_SIGN_STYLE = Automatic;
				CURRENT_PROJECT_VERSION = 1;
				GENERATE_INFOPLIST_FILE = YES;
				MARKETING_VERSION = 1.0;
				PRODUCT_BUNDLE_IDENTIFIER = "Me.iOS-ClientUITests";
				PRODUCT_NAME = "$(TARGET_NAME)";
				SWIFT_EMIT_LOC_STRINGS = NO;
				SWIFT_VERSION = 5.0;
				TARGETED_DEVICE_FAMILY = "1,2";
				TEST_TARGET_NAME = "iOS Client";
			};
			name = Debug;
		};
		7B1D5C522E2DF2F300795E8E /* Release */ = {
			isa = XCBuildConfiguration;
			buildSettings = {
				CODE_SIGN_STYLE = Automatic;
				CURRENT_PROJECT_VERSION = 1;
				GENERATE_INFOPLIST_FILE = YES;
				MARKETING_VERSION = 1.0;
				PRODUCT_BUNDLE_IDENTIFIER = "Me.iOS-ClientUITests";
				PRODUCT_NAME = "$(TARGET_NAME)";
				SWIFT_EMIT_LOC_STRINGS = NO;
				SWIFT_VERSION = 5.0;
				TARGETED_DEVICE_FAMILY = "1,2";
				TEST_TARGET_NAME = "iOS Client";
			};
			name = Release;
		};
/* End XCBuildConfiguration section */

/* Begin XCConfigurationList section */
		7B1D5C242E2DF2F100795E8E /* Build configuration list for PBXProject "MeMachine" */ = {
			isa = XCConfigurationList;
			buildConfigurations = (
				7B1D5C482E2DF2F300795E8E /* Debug */,
				7B1D5C492E2DF2F300795E8E /* Release */,
			);
			defaultConfigurationIsVisible = 0;
			defaultConfigurationName = Release;
		};
		7B1D5C4A2E2DF2F300795E8E /* Build configuration list for PBXNativeTarget "MeMachine" */ = {
			isa = XCConfigurationList;
			buildConfigurations = (
				7B1D5C4B2E2DF2F300795E8E /* Debug */,
				7B1D5C4C2E2DF2F300795E8E /* Release */,
			);
			defaultConfigurationIsVisible = 0;
			defaultConfigurationName = Release;
		};
		7B1D5C4D2E2DF2F300795E8E /* Build configuration list for PBXNativeTarget "MeMachineTests" */ = {
			isa = XCConfigurationList;
			buildConfigurations = (
				7B1D5C4E2E2DF2F300795E8E /* Debug */,
				7B1D5C4F2E2DF2F300795E8E /* Release */,
			);
			defaultConfigurationIsVisible = 0;
			defaultConfigurationName = Release;
		};
		7B1D5C502E2DF2F300795E8E /* Build configuration list for PBXNativeTarget "MeMachineUITests" */ = {
			isa = XCConfigurationList;
			buildConfigurations = (
				7B1D5C512E2DF2F300795E8E /* Debug */,
				7B1D5C522E2DF2F300795E8E /* Release */,
			);
			defaultConfigurationIsVisible = 0;
			defaultConfigurationName = Release;
		};
/* End XCConfigurationList section */

/* Begin XCRemoteSwiftPackageReference section */
		7B814C932E32FACE00D74774 /* XCRemoteSwiftPackageReference "supabase-swift" */ = {
			isa = XCRemoteSwiftPackageReference;
			repositoryURL = "https://github.com/supabase/supabase-swift";
			requirement = {
				kind = upToNextMajorVersion;
				minimumVersion = 2.5.1;
			};
		};
		7B814CAD2E3C4D0900D74774 /* XCRemoteSwiftPackageReference "GoogleSignIn-iOS" */ = {
			isa = XCRemoteSwiftPackageReference;
			repositoryURL = "https://github.com/google/GoogleSignIn-iOS";
			requirement = {
				kind = upToNextMajorVersion;
				minimumVersion = 9.0.0;
			};
		};
		7B814CB52E459EE300D74774 /* XCRemoteSwiftPackageReference "MessageKit" */ = {
			isa = XCRemoteSwiftPackageReference;
			repositoryURL = "https://github.com/MessageKit/MessageKit";
			requirement = {
				kind = upToNextMajorVersion;
				minimumVersion = 5.0.0;
			};
		};
/* End XCRemoteSwiftPackageReference section */

/* Begin XCSwiftPackageProductDependency section */
		7B814C942E32FACE00D74774 /* Auth */ = {
			isa = XCSwiftPackageProductDependency;
			package = 7B814C932E32FACE00D74774 /* XCRemoteSwiftPackageReference "supabase-swift" */;
			productName = Auth;
		};
		7B814C962E32FACE00D74774 /* Functions */ = {
			isa = XCSwiftPackageProductDependency;
			package = 7B814C932E32FACE00D74774 /* XCRemoteSwiftPackageReference "supabase-swift" */;
			productName = Functions;
		};
		7B814C982E32FACE00D74774 /* PostgREST */ = {
			isa = XCSwiftPackageProductDependency;
			package = 7B814C932E32FACE00D74774 /* XCRemoteSwiftPackageReference "supabase-swift" */;
			productName = PostgREST;
		};
		7B814C9A2E32FACE00D74774 /* Realtime */ = {
			isa = XCSwiftPackageProductDependency;
			package = 7B814C932E32FACE00D74774 /* XCRemoteSwiftPackageReference "supabase-swift" */;
			productName = Realtime;
		};
		7B814C9C2E32FACE00D74774 /* Storage */ = {
			isa = XCSwiftPackageProductDependency;
			package = 7B814C932E32FACE00D74774 /* XCRemoteSwiftPackageReference "supabase-swift" */;
			productName = Storage;
		};
		7B814C9E2E32FACE00D74774 /* Supabase */ = {
			isa = XCSwiftPackageProductDependency;
			package = 7B814C932E32FACE00D74774 /* XCRemoteSwiftPackageReference "supabase-swift" */;
			productName = Supabase;
		};
		7B814CAE2E3C4D0900D74774 /* GoogleSignIn */ = {
			isa = XCSwiftPackageProductDependency;
			package = 7B814CAD2E3C4D0900D74774 /* XCRemoteSwiftPackageReference "GoogleSignIn-iOS" */;
			productName = GoogleSignIn;
		};
		7B814CB02E3C4D0900D74774 /* GoogleSignInSwift */ = {
			isa = XCSwiftPackageProductDependency;
			package = 7B814CAD2E3C4D0900D74774 /* XCRemoteSwiftPackageReference "GoogleSignIn-iOS" */;
			productName = GoogleSignInSwift;
		};
		7B814CB62E459EE300D74774 /* MessageKit */ = {
			isa = XCSwiftPackageProductDependency;
			package = 7B814CB52E459EE300D74774 /* XCRemoteSwiftPackageReference "MessageKit" */;
			productName = MessageKit;
		};
/* End XCSwiftPackageProductDependency section */
	};
	rootObject = 7B1D5C212E2DF2F100795E8E /* Project object */;
}
